# This file is automatically @generated by Poetry 1.5.4 and should not be changed by hand.

[[package]]
name = "pretty"
version = "0.1"
description = "extensible pprint successor."
optional = false
python-versions = "*"
files = [
    {file = "pretty-0.1.tar.gz", hash = "sha256:9eb1e5dd849bc89d99af9c5624833061a8458ced5c5621f0299cf7b4f45a2261"},
]

[metadata]
lock-version = "2.0"
python-versions = ">=3.10.0,<3.12"
content-hash = "67fb2758eb19fe3c4db26cdf46f632bb80df54732f924c75f4518344007ea93b"
